
Microsoft Visual Studio Solution File, Format Version 12.00
# Visual Studio Version 16
VisualStudioVersion = 16.0.30104.148
MinimumVisualStudioVersion = 10.0.40219.1
Project("{FAE04EC0-301F-11D3-BF4B-00C04F79EFBC}") = "MiniTotalCommander", "MiniTotalCommander\MiniTotalCommander.csproj", "{FBF29C2C-4591-4507-9099-AFF25B64E691}"
EndProject
Global
	GlobalSection(SolutionConfigurationPlatforms) = preSolution
		Debug|Any CPU = Debug|Any CPU
		Release|Any CPU = Release|Any CPU
	EndGlobalSection
	GlobalSection(ProjectConfigurationPlatforms) = postSolution
		{FBF29C2C-4591-4507-9099-AFF25B64E691}.Debug|Any CPU.ActiveCfg = Debug|Any CPU
		{FBF29C2C-4591-4507-9099-AFF25B64E691}.Debug|Any CPU.Build.0 = Debug|Any CPU
		{FBF29C2C-4591-4507-9099-AFF25B64E691}.Release|Any CPU.ActiveCfg = Release|Any CPU
		{FBF29C2C-4591-4507-9099-AFF25B64E691}.Release|Any CPU.Build.0 = Release|Any CPU
	EndGlobalSection
	GlobalSection(SolutionProperties) = preSolution
		HideSolutionNode = FALSE
	EndGlobalSection
	GlobalSection(ExtensibilityGlobals) = postSolution
		SolutionGuid = {7C89C2D4-21A3-492D-AE23-741666FDE046}
	EndGlobalSection
EndGlobal
